
Microsoft Visual Studio Solution File, Format Version 12.00
# Visual Studio Version 17
VisualStudioVersion = 17.10.35122.118
MinimumVisualStudioVersion = 10.0.40219.1
Project("{FAE04EC0-301F-11D3-BF4B-00C04F79EFBC}") = "JWTOAuthApi", "JWTOAuthApi\JWTOAuthApi.csproj", "{D349B098-ECE7-44BA-9CC9-D16A17E0355E}"
EndProject
Global
	GlobalSection(SolutionConfigurationPlatforms) = preSolution
		Debug|Any CPU = Debug|Any CPU
		Release|Any CPU = Release|Any CPU
	EndGlobalSection
	GlobalSection(ProjectConfigurationPlatforms) = postSolution
		{D349B098-ECE7-44BA-9CC9-D16A17E0355E}.Debug|Any CPU.ActiveCfg = Debug|Any CPU
		{D349B098-ECE7-44BA-9CC9-D16A17E0355E}.Debug|Any CPU.Build.0 = Debug|Any CPU
		{D349B098-ECE7-44BA-9CC9-D16A17E0355E}.Release|Any CPU.ActiveCfg = Release|Any CPU
		{D349B098-ECE7-44BA-9CC9-D16A17E0355E}.Release|Any CPU.Build.0 = Release|Any CPU
	EndGlobalSection
	GlobalSection(SolutionProperties) = preSolution
		HideSolutionNode = FALSE
	EndGlobalSection
	GlobalSection(ExtensibilityGlobals) = postSolution
		SolutionGuid = {609D06AB-25B7-43F4-A658-79BFFD8E60C6}
	EndGlobalSection
EndGlobal
